// !$*UTF8*$!
{
	archiveVersion = 1;
	classes = {
	};
	objectVersion = 56;
	objects = {

/* Begin PBXBuildFile section */
		E2422910290C37A9003723FC /* Nervous_RhinoApp.swift in Sources */ = {isa = PBXBuildFile; fileRef = E242290F290C37A9003723FC /* Nervous_RhinoApp.swift */; };
		E2422912290C37A9003723FC /* RecipesListView.swift in Sources */ = {isa = PBXBuildFile; fileRef = E2422911290C37A9003723FC /* RecipesListView.swift */; };
		E2422914290C37AA003723FC /* Assets.xcassets in Resources */ = {isa = PBXBuildFile; fileRef = E2422913290C37AA003723FC /* Assets.xcassets */; };
		E2422917290C37AA003723FC /* Preview Assets.xcassets in Resources */ = {isa = PBXBuildFile; fileRef = E2422916290C37AA003723FC /* Preview Assets.xcassets */; };
		E2422921290C3A28003723FC /* Recipe.swift in Sources */ = {isa = PBXBuildFile; fileRef = E2422920290C3A28003723FC /* Recipe.swift */; };
		E2DD4BF7290FF07500110B66 /* AppColor.swift in Sources */ = {isa = PBXBuildFile; fileRef = E2DD4BF6290FF07500110B66 /* AppColor.swift */; };
		E2DD4C132910327300110B66 /* RecipeCategoryGridView.swift in Sources */ = {isa = PBXBuildFile; fileRef = E2DD4C122910327300110B66 /* RecipeCategoryGridView.swift */; };
		E2E0289B290F272B00BEB074 /* RecipeData.swift in Sources */ = {isa = PBXBuildFile; fileRef = E2E0289A290F272B00BEB074 /* RecipeData.swift */; };
		E2E0289D290F2AC400BEB074 /* RecipeDetailView.swift in Sources */ = {isa = PBXBuildFile; fileRef = E2E0289C290F2AC400BEB074 /* RecipeDetailView.swift */; };
/* End PBXBuildFile section */

/* Begin PBXFileReference section */
		E242290C290C37A9003723FC /* Nervous Rhino.app */ = {isa = PBXFileReference; explicitFileType = wrapper.application; includeInIndex = 0; path = "Nervous Rhino.app"; sourceTree = BUILT_PRODUCTS_DIR; };
		E242290F290C37A9003723FC /* Nervous_RhinoApp.swift */ = {isa = PBXFileReference; lastKnownFileType = sourcecode.swift; path = Nervous_RhinoApp.swift; sourceTree = "<group>"; };
		E2422911290C37A9003723FC /* RecipesListView.swift */ = {isa = PBXFileReference; lastKnownFileType = sourcecode.swift; path = RecipesListView.swift; sourceTree = "<group>"; };
		E2422913290C37AA003723FC /* Assets.xcassets */ = {isa = PBXFileReference; lastKnownFileType = folder.assetcatalog; path = Assets.xcassets; sourceTree = "<group>"; };
		E2422916290C37AA003723FC /* Preview Assets.xcassets */ = {isa = PBXFileReference; lastKnownFileType = folder.assetcatalog; path = "Preview Assets.xcassets"; sourceTree = "<group>"; };
		E2422920290C3A28003723FC /* Recipe.swift */ = {isa = PBXFileReference; lastKnownFileType = sourcecode.swift; path = Recipe.swift; sourceTree = "<group>"; };
		E2DD4BF6290FF07500110B66 /* AppColor.swift */ = {isa = PBXFileReference; lastKnownFileType = sourcecode.swift; path = AppColor.swift; sourceTree = "<group>"; };
		E2DD4C122910327300110B66 /* RecipeCategoryGridView.swift */ = {isa = PBXFileReference; lastKnownFileType = sourcecode.swift; path = RecipeCategoryGridView.swift; sourceTree = "<group>"; };
		E2E0289A290F272B00BEB074 /* RecipeData.swift */ = {isa = PBXFileReference; lastKnownFileType = sourcecode.swift; path = RecipeData.swift; sourceTree = "<group>"; };
		E2E0289C290F2AC400BEB074 /* RecipeDetailView.swift */ = {isa = PBXFileReference; lastKnownFileType = sourcecode.swift; path = RecipeDetailView.swift; sourceTree = "<group>"; };
/* End PBXFileReference section */

/* Begin PBXFrameworksBuildPhase section */
		E2422909290C37A9003723FC /* Frameworks */ = {
			isa = PBXFrameworksBuildPhase;
			buildActionMask = 2147483647;
			files = (
			);
			runOnlyForDeploymentPostprocessing = 0;
		};
/* End PBXFrameworksBuildPhase section */

/* Begin PBXGroup section */
		E2422903290C37A9003723FC = {
			isa = PBXGroup;
			children = (
				E242290E290C37A9003723FC /* Nervous Rhino */,
				E242290D290C37A9003723FC /* Products */,
			);
			sourceTree = "<group>";
		};
		E242290D290C37A9003723FC /* Products */ = {
			isa = PBXGroup;
			children = (
				E242290C290C37A9003723FC /* Nervous Rhino.app */,
			);
			name = Products;
			sourceTree = "<group>";
		};
		E242290E290C37A9003723FC /* Nervous Rhino */ = {
			isa = PBXGroup;
			children = (
				E242290F290C37A9003723FC /* Nervous_RhinoApp.swift */,
				E242291D290C39C6003723FC /* Views */,
				E242291F290C39D4003723FC /* ViewModels */,
				E242291E290C39CD003723FC /* Models */,
				E2422913290C37AA003723FC /* Assets.xcassets */,
				E2422915290C37AA003723FC /* Preview Content */,
			);
			path = "Nervous Rhino";
			sourceTree = "<group>";
		};
		E2422915290C37AA003723FC /* Preview Content */ = {
			isa = PBXGroup;
			children = (
				E2422916290C37AA003723FC /* Preview Assets.xcassets */,
			);
			path = "Preview Content";
			sourceTree = "<group>";
		};
		E242291D290C39C6003723FC /* Views */ = {
			isa = PBXGroup;
			children = (
				E2422911290C37A9003723FC /* RecipesListView.swift */,
				E2E0289C290F2AC400BEB074 /* RecipeDetailView.swift */,
				E2DD4C122910327300110B66 /* RecipeCategoryGridView.swift */,
			);
			path = Views;
			sourceTree = "<group>";
		};
		E242291E290C39CD003723FC /* Models */ = {
			isa = PBXGroup;
			children = (
				E2422920290C3A28003723FC /* Recipe.swift */,
			);
			path = Models;
			sourceTree = "<group>";
		};
		E242291F290C39D4003723FC /* ViewModels */ = {
			isa = PBXGroup;
			children = (
				E2E0289A290F272B00BEB074 /* RecipeData.swift */,
				E2DD4BF6290FF07500110B66 /* AppColor.swift */,
			);
			path = ViewModels;
			sourceTree = "<group>";
		};
/* End PBXGroup section */

/* Begin PBXNativeTarget section */
		E242290B290C37A9003723FC /* Nervous Rhino */ = {
			isa = PBXNativeTarget;
			buildConfigurationList = E242291A290C37AA003723FC /* Build configuration list for PBXNativeTarget "Nervous Rhino" */;
			buildPhases = (
				E2422908290C37A9003723FC /* Sources */,
				E2422909290C37A9003723FC /* Frameworks */,
				E242290A290C37A9003723FC /* Resources */,
			);
			buildRules = (
			);
			dependencies = (
			);
			name = "Nervous Rhino";
			productName = "Nervous Rhino";
			productReference = E242290C290C37A9003723FC /* Nervous Rhino.app */;
			productType = "com.apple.product-type.application";
		};
/* End PBXNativeTarget section */

/* Begin PBXProject section */
		E2422904290C37A9003723FC /* Project object */ = {
			isa = PBXProject;
			attributes = {
				BuildIndependentTargetsInParallel = 1;
				LastSwiftUpdateCheck = 1400;
				LastUpgradeCheck = 1400;
				TargetAttributes = {
					E242290B290C37A9003723FC = {
						CreatedOnToolsVersion = 14.0.1;
					};
				};
			};
			buildConfigurationList = E2422907290C37A9003723FC /* Build configuration list for PBXProject "Nervous Rhino" */;
			compatibilityVersion = "Xcode 14.0";
			developmentRegion = en;
			hasScannedForEncodings = 0;
			knownRegions = (
				en,
				Base,
			);
			mainGroup = E2422903290C37A9003723FC;
			productRefGroup = E242290D290C37A9003723FC /* Products */;
			projectDirPath = "";
			projectRoot = "";
			targets = (
				E242290B290C37A9003723FC /* Nervous Rhino */,
			);
		};
/* End PBXProject section */

/* Begin PBXResourcesBuildPhase section */
		E242290A290C37A9003723FC /* Resources */ = {
			isa = PBXResourcesBuildPhase;
			buildActionMask = 2147483647;
			files = (
				E2422917290C37AA003723FC /* Preview Assets.xcassets in Resources */,
				E2422914290C37AA003723FC /* Assets.xcassets in Resources */,
			);
			runOnlyForDeploymentPostprocessing = 0;
		};
/* End PBXResourcesBuildPhase section */

/* Begin PBXSourcesBuildPhase section */
		E2422908290C37A9003723FC /* Sources */ = {
			isa = PBXSourcesBuildPhase;
			buildActionMask = 2147483647;
			files = (
				E2422921290C3A28003723FC /* Recipe.swift in Sources */,
				E2E0289D290F2AC400BEB074 /* RecipeDetailView.swift in Sources */,
				E2DD4C132910327300110B66 /* RecipeCategoryGridView.swift in Sources */,
				E2E0289B290F272B00BEB074 /* RecipeData.swift in Sources */,
				E2422912290C37A9003723FC /* RecipesListView.swift in Sources */,
				E2422910290C37A9003723FC /* Nervous_RhinoApp.swift in Sources */,
				E2DD4BF7290FF07500110B66 /* AppColor.swift in Sources */,
			);
			runOnlyForDeploymentPostprocessing = 0;
		};
/* End PBXSourcesBuildPhase section */

/* Begin XCBuildConfiguration section */
		E2422918290C37AA003723FC /* Debug */ = {
			isa = XCBuildConfiguration;
			buildSettings = {
				ALWAYS_SEARCH_USER_PATHS = NO;
				CLANG_ANALYZER_NONNULL = YES;
				CLANG_ANALYZER_NUMBER_OBJECT_CONVERSION = YES_AGGRESSIVE;
				CLANG_CXX_LANGUAGE_STANDARD = "gnu++20";
				CLANG_ENABLE_MODULES = YES;
				CLANG_ENABLE_OBJC_ARC = YES;
				CLANG_ENABLE_OBJC_WEAK = YES;
				CLANG_WARN_BLOCK_CAPTURE_AUTORELEASING = YES;
				CLANG_WARN_BOOL_CONVERSION = YES;
				CLANG_WARN_COMMA = YES;
				CLANG_WARN_CONSTANT_CONVERSION = YES;
				CLANG_WARN_DEPRECATED_OBJC_IMPLEMENTATIONS = YES;
				CLANG_WARN_DIRECT_OBJC_ISA_USAGE = YES_ERROR;
				CLANG_WARN_DOCUMENTATION_COMMENTS = YES;
				CLANG_WARN_EMPTY_BODY = YES;
				CLANG_WARN_ENUM_CONVERSION = YES;
				CLANG_WARN_INFINITE_RECURSION = YES;
				CLANG_WARN_INT_CONVERSION = YES;
				CLANG_WARN_NON_LITERAL_NULL_CONVERSION = YES;
				CLANG_WARN_OBJC_IMPLICIT_RETAIN_SELF = YES;
				CLANG_WARN_OBJC_LITERAL_CONVERSION = YES;
				CLANG_WARN_OBJC_ROOT_CLASS = YES_ERROR;
				CLANG_WARN_QUOTED_INCLUDE_IN_FRAMEWORK_HEADER = YES;
				CLANG_WARN_RANGE_LOOP_ANALYSIS = YES;
				CLANG_WARN_STRICT_PROTOTYPES = YES;
				CLANG_WARN_SUSPICIOUS_MOVE = YES;
				CLANG_WARN_UNGUARDED_AVAILABILITY = YES_AGGRESSIVE;
				CLANG_WARN_UNREACHABLE_CODE = YES;
				CLANG_WARN__DUPLICATE_METHOD_MATCH = YES;
				COPY_PHASE_STRIP = NO;
				DEBUG_INFORMATION_FORMAT = dwarf;
				ENABLE_STRICT_OBJC_MSGSEND = YES;
				ENABLE_TESTABILITY = YES;
				GCC_C_LANGUAGE_STANDARD = gnu11;
				GCC_DYNAMIC_NO_PIC = NO;
				GCC_NO_COMMON_BLOCKS = YES;
				GCC_OPTIMIZATION_LEVEL = 0;
				GCC_PREPROCESSOR_DEFINITIONS = (
					"DEBUG=1",
					"$(inherited)",
				);
				GCC_WARN_64_TO_32_BIT_CONVERSION = YES;
				GCC_WARN_ABOUT_RETURN_TYPE = YES_ERROR;
				GCC_WARN_UNDECLARED_SELECTOR = YES;
				GCC_WARN_UNINITIALIZED_AUTOS = YES_AGGRESSIVE;
				GCC_WARN_UNUSED_FUNCTION = YES;
				GCC_WARN_UNUSED_VARIABLE = YES;
				IPHONEOS_DEPLOYMENT_TARGET = 16.0;
				MTL_ENABLE_DEBUG_INFO = INCLUDE_SOURCE;
				MTL_FAST_MATH = YES;
				ONLY_ACTIVE_ARCH = YES;
				SDKROOT = iphoneos;
				SWIFT_ACTIVE_COMPILATION_CONDITIONS = DEBUG;
				SWIFT_OPTIMIZATION_LEVEL = "-Onone";
			};
			name = Debug;
		};
		E2422919290C37AA003723FC /* Release */ = {
			isa = XCBuildConfiguration;
			buildSettings = {
				ALWAYS_SEARCH_USER_PATHS = NO;
				CLANG_ANALYZER_NONNULL = YES;
				CLANG_ANALYZER_NUMBER_OBJECT_CONVERSION = YES_AGGRESSIVE;
				CLANG_CXX_LANGUAGE_STANDARD = "gnu++20";
				CLANG_ENABLE_MODULES = YES;
				CLANG_ENABLE_OBJC_ARC = YES;
				CLANG_ENABLE_OBJC_WEAK = YES;
				CLANG_WARN_BLOCK_CAPTURE_AUTORELEASING = YES;
				CLANG_WARN_BOOL_CONVERSION = YES;
				CLANG_WARN_COMMA = YES;
				CLANG_WARN_CONSTANT_CONVERSION = YES;
				CLANG_WARN_DEPRECATED_OBJC_IMPLEMENTATIONS = YES;
				CLANG_WARN_DIRECT_OBJC_ISA_USAGE = YES_ERROR;
				CLANG_WARN_DOCUMENTATION_COMMENTS = YES;
				CLANG_WARN_EMPTY_BODY = YES;
				CLANG_WARN_ENUM_CONVERSION = YES;
				CLANG_WARN_INFINITE_RECURSION = YES;
				CLANG_WARN_INT_CONVERSION = YES;
				CLANG_WARN_NON_LITERAL_NULL_CONVERSION = YES;
				CLANG_WARN_OBJC_IMPLICIT_RETAIN_SELF = YES;
				CLANG_WARN_OBJC_LITERAL_CONVERSION = YES;
				CLANG_WARN_OBJC_ROOT_CLASS = YES_ERROR;
				CLANG_WARN_QUOTED_INCLUDE_IN_FRAMEWORK_HEADER = YES;
				CLANG_WARN_RANGE_LOOP_ANALYSIS = YES;
				CLANG_WARN_STRICT_PROTOTYPES = YES;
				CLANG_WARN_SUSPICIOUS_MOVE = YES;
				CLANG_WARN_UNGUARDED_AVAILABILITY = YES_AGGRESSIVE;
				CLANG_WARN_UNREACHABLE_CODE = YES;
				CLANG_WARN__DUPLICATE_METHOD_MATCH = YES;
				COPY_PHASE_STRIP = NO;
				DEBUG_INFORMATION_FORMAT = "dwarf-with-dsym";
				ENABLE_NS_ASSERTIONS = NO;
				ENABLE_STRICT_OBJC_MSGSEND = YES;
				GCC_C_LANGUAGE_STANDARD = gnu11;
				GCC_NO_COMMON_BLOCKS = YES;
				GCC_WARN_64_TO_32_BIT_CONVERSION = YES;
				GCC_WARN_ABOUT_RETURN_TYPE = YES_ERROR;
				GCC_WARN_UNDECLARED_SELECTOR = YES;
				GCC_WARN_UNINITIALIZED_AUTOS = YES_AGGRESSIVE;
				GCC_WARN_UNUSED_FUNCTION = YES;
				GCC_WARN_UNUSED_VARIABLE = YES;
				IPHONEOS_DEPLOYMENT_TARGET = 16.0;
				MTL_ENABLE_DEBUG_INFO = NO;
				MTL_FAST_MATH = YES;
				SDKROOT = iphoneos;
				SWIFT_COMPILATION_MODE = wholemodule;
				SWIFT_OPTIMIZATION_LEVEL = "-O";
				VALIDATE_PRODUCT = YES;
			};
			name = Release;
		};
		E242291B290C37AA003723FC /* Debug */ = {
			isa = XCBuildConfiguration;
			buildSettings = {
				ASSETCATALOG_COMPILER_APPICON_NAME = AppIcon;
				ASSETCATALOG_COMPILER_GLOBAL_ACCENT_COLOR_NAME = AccentColor;
				CODE_SIGN_STYLE = Automatic;
				CURRENT_PROJECT_VERSION = 1;
				DEVELOPMENT_ASSET_PATHS = "\"Nervous Rhino/Preview Content\"";
				DEVELOPMENT_TEAM = W728VW5435;
				ENABLE_PREVIEWS = YES;
				GENERATE_INFOPLIST_FILE = YES;
				INFOPLIST_KEY_UIApplicationSceneManifest_Generation = YES;
				INFOPLIST_KEY_UIApplicationSupportsIndirectInputEvents = YES;
				INFOPLIST_KEY_UILaunchScreen_Generation = YES;
				INFOPLIST_KEY_UISupportedInterfaceOrientations_iPad = "UIInterfaceOrientationPortrait UIInterfaceOrientationPortraitUpsideDown UIInterfaceOrientationLandscapeLeft UIInterfaceOrientationLandscapeRight";
				INFOPLIST_KEY_UISupportedInterfaceOrientations_iPhone = "UIInterfaceOrientationPortrait UIInterfaceOrientationLandscapeLeft UIInterfaceOrientationLandscapeRight";
				IPHONEOS_DEPLOYMENT_TARGET = 15.0;
				LD_RUNPATH_SEARCH_PATHS = (
					"$(inherited)",
					"@executable_path/Frameworks",
				);
				MARKETING_VERSION = 1.0;
				PRODUCT_BUNDLE_IDENTIFIER = "com.semihcetin.Nervous-Rhino";
				PRODUCT_NAME = "$(TARGET_NAME)";
				SWIFT_EMIT_LOC_STRINGS = YES;
				SWIFT_VERSION = 5.0;
				TARGETED_DEVICE_FAMILY = "1,2";
			};
			name = Debug;
		};
		E242291C290C37AA003723FC /* Release */ = {
			isa = XCBuildConfiguration;
			buildSettings = {
				ASSETCATALOG_COMPILER_APPICON_NAME = AppIcon;
				ASSETCATALOG_COMPILER_GLOBAL_ACCENT_COLOR_NAME = AccentColor;
				CODE_SIGN_STYLE = Automatic;
				CURRENT_PROJECT_VERSION = 1;
				DEVELOPMENT_ASSET_PATHS = "\"Nervous Rhino/Preview Content\"";
				DEVELOPMENT_TEAM = W728VW5435;
				ENABLE_PREVIEWS = YES;
				GENERATE_INFOPLIST_FILE = YES;
				INFOPLIST_KEY_UIApplicationSceneManifest_Generation = YES;
				INFOPLIST_KEY_UIApplicationSupportsIndirectInputEvents = YES;
				INFOPLIST_KEY_UILaunchScreen_Generation = YES;
				INFOPLIST_KEY_UISupportedInterfaceOrientations_iPad = "UIInterfaceOrientationPortrait UIInterfaceOrientationPortraitUpsideDown UIInterfaceOrientationLandscapeLeft UIInterfaceOrientationLandscapeRight";
				INFOPLIST_KEY_UISupportedInterfaceOrientations_iPhone = "UIInterfaceOrientationPortrait UIInterfaceOrientationLandscapeLeft UIInterfaceOrientationLandscapeRight";
				IPHONEOS_DEPLOYMENT_TARGET = 15.0;
				LD_RUNPATH_SEARCH_PATHS = (
					"$(inherited)",
					"@executable_path/Frameworks",
				);
				MARKETING_VERSION = 1.0;
				PRODUCT_BUNDLE_IDENTIFIER = "com.semihcetin.Nervous-Rhino";
				PRODUCT_NAME = "$(TARGET_NAME)";
				SWIFT_EMIT_LOC_STRINGS = YES;
				SWIFT_VERSION = 5.0;
				TARGETED_DEVICE_FAMILY = "1,2";
			};
			name = Release;
		};
/* End XCBuildConfiguration section */

/* Begin XCConfigurationList section */
		E2422907290C37A9003723FC /* Build configuration list for PBXProject "Nervous Rhino" */ = {
			isa = XCConfigurationList;
			buildConfigurations = (
				E2422918290C37AA003723FC /* Debug */,
				E2422919290C37AA003723FC /* Release */,
			);
			defaultConfigurationIsVisible = 0;
			defaultConfigurationName = Release;
		};
		E242291A290C37AA003723FC /* Build configuration list for PBXNativeTarget "Nervous Rhino" */ = {
			isa = XCConfigurationList;
			buildConfigurations = (
				E242291B290C37AA003723FC /* Debug */,
				E242291C290C37AA003723FC /* Release */,
			);
			defaultConfigurationIsVisible = 0;
			defaultConfigurationName = Release;
		};
/* End XCConfigurationList section */
	};
	rootObject = E2422904290C37A9003723FC /* Project object */;
}
